
Microsoft Visual Studio Solution File, Format Version 12.00
# Visual Studio 15
VisualStudioVersion = 15.0.28307.329
MinimumVisualStudioVersion = 10.0.40219.1
Project("{9A19103F-16F7-4668-BE54-9A1E7A4F7556}") = "DeviceFlow.Idp", "DeviceFlow.Idp\DeviceFlow.Idp.csproj", "{151C1D5E-58AE-40EF-AF3C-900CA4A90881}"
EndProject
Project("{9A19103F-16F7-4668-BE54-9A1E7A4F7556}") = "DeviceFlow.Api", "DeviceFlow.Api\DeviceFlow.Api.csproj", "{766D23F8-133D-442E-A44F-CCB3AD67E319}"
EndProject
Project("{FAE04EC0-301F-11D3-BF4B-00C04F79EFBC}") = "DeviceFlow.DeviceEmulator", "DeviceFlow.DeviceEmulator\DeviceFlow.DeviceEmulator.csproj", "{03F83796-FFB8-4E26-8FF8-2474EF24A1EB}"
EndProject
Global
	GlobalSection(SolutionConfigurationPlatforms) = preSolution
		Debug|Any CPU = Debug|Any CPU
		Debug|ARM = Debug|ARM
		Debug|ARM64 = Debug|ARM64
		Debug|x64 = Debug|x64
		Debug|x86 = Debug|x86
		Release|Any CPU = Release|Any CPU
		Release|ARM = Release|ARM
		Release|ARM64 = Release|ARM64
		Release|x64 = Release|x64
		Release|x86 = Release|x86
	EndGlobalSection
	GlobalSection(ProjectConfigurationPlatforms) = postSolution
		{151C1D5E-58AE-40EF-AF3C-900CA4A90881}.Debug|Any CPU.ActiveCfg = Debug|Any CPU
		{151C1D5E-58AE-40EF-AF3C-900CA4A90881}.Debug|Any CPU.Build.0 = Debug|Any CPU
		{151C1D5E-58AE-40EF-AF3C-900CA4A90881}.Debug|ARM.ActiveCfg = Debug|Any CPU
		{151C1D5E-58AE-40EF-AF3C-900CA4A90881}.Debug|ARM.Build.0 = Debug|Any CPU
		{151C1D5E-58AE-40EF-AF3C-900CA4A90881}.Debug|ARM64.ActiveCfg = Debug|Any CPU
		{151C1D5E-58AE-40EF-AF3C-900CA4A90881}.Debug|ARM64.Build.0 = Debug|Any CPU
		{151C1D5E-58AE-40EF-AF3C-900CA4A90881}.Debug|x64.ActiveCfg = Debug|Any CPU
		{151C1D5E-58AE-40EF-AF3C-900CA4A90881}.Debug|x64.Build.0 = Debug|Any CPU
		{151C1D5E-58AE-40EF-AF3C-900CA4A90881}.Debug|x86.ActiveCfg = Debug|Any CPU
		{151C1D5E-58AE-40EF-AF3C-900CA4A90881}.Debug|x86.Build.0 = Debug|Any CPU
		{151C1D5E-58AE-40EF-AF3C-900CA4A90881}.Release|Any CPU.ActiveCfg = Release|Any CPU
		{151C1D5E-58AE-40EF-AF3C-900CA4A90881}.Release|Any CPU.Build.0 = Release|Any CPU
		{151C1D5E-58AE-40EF-AF3C-900CA4A90881}.Release|ARM.ActiveCfg = Release|Any CPU
		{151C1D5E-58AE-40EF-AF3C-900CA4A90881}.Release|ARM.Build.0 = Release|Any CPU
		{151C1D5E-58AE-40EF-AF3C-900CA4A90881}.Release|ARM64.ActiveCfg = Release|Any CPU
		{151C1D5E-58AE-40EF-AF3C-900CA4A90881}.Release|ARM64.Build.0 = Release|Any CPU
		{151C1D5E-58AE-40EF-AF3C-900CA4A90881}.Release|x64.ActiveCfg = Release|Any CPU
		{151C1D5E-58AE-40EF-AF3C-900CA4A90881}.Release|x64.Build.0 = Release|Any CPU
		{151C1D5E-58AE-40EF-AF3C-900CA4A90881}.Release|x86.ActiveCfg = Release|Any CPU
		{151C1D5E-58AE-40EF-AF3C-900CA4A90881}.Release|x86.Build.0 = Release|Any CPU
		{766D23F8-133D-442E-A44F-CCB3AD67E319}.Debug|Any CPU.ActiveCfg = Debug|Any CPU
		{766D23F8-133D-442E-A44F-CCB3AD67E319}.Debug|Any CPU.Build.0 = Debug|Any CPU
		{766D23F8-133D-442E-A44F-CCB3AD67E319}.Debug|ARM.ActiveCfg = Debug|Any CPU
		{766D23F8-133D-442E-A44F-CCB3AD67E319}.Debug|ARM.Build.0 = Debug|Any CPU
		{766D23F8-133D-442E-A44F-CCB3AD67E319}.Debug|ARM64.ActiveCfg = Debug|Any CPU
		{766D23F8-133D-442E-A44F-CCB3AD67E319}.Debug|ARM64.Build.0 = Debug|Any CPU
		{766D23F8-133D-442E-A44F-CCB3AD67E319}.Debug|x64.ActiveCfg = Debug|Any CPU
		{766D23F8-133D-442E-A44F-CCB3AD67E319}.Debug|x64.Build.0 = Debug|Any CPU
		{766D23F8-133D-442E-A44F-CCB3AD67E319}.Debug|x86.ActiveCfg = Debug|Any CPU
		{766D23F8-133D-442E-A44F-CCB3AD67E319}.Debug|x86.Build.0 = Debug|Any CPU
		{766D23F8-133D-442E-A44F-CCB3AD67E319}.Release|Any CPU.ActiveCfg = Release|Any CPU
		{766D23F8-133D-442E-A44F-CCB3AD67E319}.Release|Any CPU.Build.0 = Release|Any CPU
		{766D23F8-133D-442E-A44F-CCB3AD67E319}.Release|ARM.ActiveCfg = Release|Any CPU
		{766D23F8-133D-442E-A44F-CCB3AD67E319}.Release|ARM.Build.0 = Release|Any CPU
		{766D23F8-133D-442E-A44F-CCB3AD67E319}.Release|ARM64.ActiveCfg = Release|Any CPU
		{766D23F8-133D-442E-A44F-CCB3AD67E319}.Release|ARM64.Build.0 = Release|Any CPU
		{766D23F8-133D-442E-A44F-CCB3AD67E319}.Release|x64.ActiveCfg = Release|Any CPU
		{766D23F8-133D-442E-A44F-CCB3AD67E319}.Release|x64.Build.0 = Release|Any CPU
		{766D23F8-133D-442E-A44F-CCB3AD67E319}.Release|x86.ActiveCfg = Release|Any CPU
		{766D23F8-133D-442E-A44F-CCB3AD67E319}.Release|x86.Build.0 = Release|Any CPU
		{03F83796-FFB8-4E26-8FF8-2474EF24A1EB}.Debug|Any CPU.ActiveCfg = Debug|Any CPU
		{03F83796-FFB8-4E26-8FF8-2474EF24A1EB}.Debug|Any CPU.Build.0 = Debug|Any CPU
		{03F83796-FFB8-4E26-8FF8-2474EF24A1EB}.Debug|ARM.ActiveCfg = Debug|Any CPU
		{03F83796-FFB8-4E26-8FF8-2474EF24A1EB}.Debug|ARM.Build.0 = Debug|Any CPU
		{03F83796-FFB8-4E26-8FF8-2474EF24A1EB}.Debug|ARM64.ActiveCfg = Debug|Any CPU
		{03F83796-FFB8-4E26-8FF8-2474EF24A1EB}.Debug|ARM64.Build.0 = Debug|Any CPU
		{03F83796-FFB8-4E26-8FF8-2474EF24A1EB}.Debug|x64.ActiveCfg = Debug|Any CPU
		{03F83796-FFB8-4E26-8FF8-2474EF24A1EB}.Debug|x64.Build.0 = Debug|Any CPU
		{03F83796-FFB8-4E26-8FF8-2474EF24A1EB}.Debug|x86.ActiveCfg = Debug|Any CPU
		{03F83796-FFB8-4E26-8FF8-2474EF24A1EB}.Debug|x86.Build.0 = Debug|Any CPU
		{03F83796-FFB8-4E26-8FF8-2474EF24A1EB}.Release|Any CPU.ActiveCfg = Release|Any CPU
		{03F83796-FFB8-4E26-8FF8-2474EF24A1EB}.Release|Any CPU.Build.0 = Release|Any CPU
		{03F83796-FFB8-4E26-8FF8-2474EF24A1EB}.Release|ARM.ActiveCfg = Release|Any CPU
		{03F83796-FFB8-4E26-8FF8-2474EF24A1EB}.Release|ARM.Build.0 = Release|Any CPU
		{03F83796-FFB8-4E26-8FF8-2474EF24A1EB}.Release|ARM64.ActiveCfg = Release|Any CPU
		{03F83796-FFB8-4E26-8FF8-2474EF24A1EB}.Release|ARM64.Build.0 = Release|Any CPU
		{03F83796-FFB8-4E26-8FF8-2474EF24A1EB}.Release|x64.ActiveCfg = Release|Any CPU
		{03F83796-FFB8-4E26-8FF8-2474EF24A1EB}.Release|x64.Build.0 = Release|Any CPU
		{03F83796-FFB8-4E26-8FF8-2474EF24A1EB}.Release|x86.ActiveCfg = Release|Any CPU
		{03F83796-FFB8-4E26-8FF8-2474EF24A1EB}.Release|x86.Build.0 = Release|Any CPU
	EndGlobalSection
	GlobalSection(SolutionProperties) = preSolution
		HideSolutionNode = FALSE
	EndGlobalSection
	GlobalSection(ExtensibilityGlobals) = postSolution
		SolutionGuid = {1B2C8099-CE8C-4566-B1F2-5D57BEDB6F50}
	EndGlobalSection
EndGlobal
